
Microsoft Visual Studio Solution File, Format Version 12.00
# Visual Studio Version 17
VisualStudioVersion = 17.0.31903.59
MinimumVisualStudioVersion = 10.0.40219.1
Project("{2150E333-8FDC-42A3-9474-1A3956D46DE8}") = "tools", "tools", "{203D8C59-9B84-46B2-9D54-3CC4D268C21A}"
EndProject
Project("{FAE04EC0-301F-11D3-BF4B-00C04F79EFBC}") = "Ufcpp.ContentConverter", "tools\Ufcpp.ContentConverter\Ufcpp.ContentConverter.csproj", "{5CDBE4CD-AB8D-48E7-B8D0-D9BB96696EC2}"
EndProject
Project("{2150E333-8FDC-42A3-9474-1A3956D46DE8}") = "tests", "tests", "{607E31FB-70FC-4D83-B676-A5A6280EECED}"
EndProject
Project("{FAE04EC0-301F-11D3-BF4B-00C04F79EFBC}") = "Ufcpp.ContentConverter.Tests", "tests\Ufcpp.ContentConverter.Tests\Ufcpp.ContentConverter.Tests.csproj", "{7BB20F43-B680-45D2-BEB3-6BAABF7E9607}"
EndProject
Global
	GlobalSection(SolutionConfigurationPlatforms) = preSolution
		Debug|Any CPU = Debug|Any CPU
		Release|Any CPU = Release|Any CPU
	EndGlobalSection
	GlobalSection(SolutionProperties) = preSolution
		HideSolutionNode = FALSE
	EndGlobalSection
	GlobalSection(ProjectConfigurationPlatforms) = postSolution
		{5CDBE4CD-AB8D-48E7-B8D0-D9BB96696EC2}.Debug|Any CPU.ActiveCfg = Debug|Any CPU
		{5CDBE4CD-AB8D-48E7-B8D0-D9BB96696EC2}.Debug|Any CPU.Build.0 = Debug|Any CPU
		{5CDBE4CD-AB8D-48E7-B8D0-D9BB96696EC2}.Release|Any CPU.ActiveCfg = Release|Any CPU
		{5CDBE4CD-AB8D-48E7-B8D0-D9BB96696EC2}.Release|Any CPU.Build.0 = Release|Any CPU
		{7BB20F43-B680-45D2-BEB3-6BAABF7E9607}.Debug|Any CPU.ActiveCfg = Debug|Any CPU
		{7BB20F43-B680-45D2-BEB3-6BAABF7E9607}.Debug|Any CPU.Build.0 = Debug|Any CPU
		{7BB20F43-B680-45D2-BEB3-6BAABF7E9607}.Release|Any CPU.ActiveCfg = Release|Any CPU
		{7BB20F43-B680-45D2-BEB3-6BAABF7E9607}.Release|Any CPU.Build.0 = Release|Any CPU
	EndGlobalSection
	GlobalSection(NestedProjects) = preSolution
		{5CDBE4CD-AB8D-48E7-B8D0-D9BB96696EC2} = {203D8C59-9B84-46B2-9D54-3CC4D268C21A}
		{7BB20F43-B680-45D2-BEB3-6BAABF7E9607} = {607E31FB-70FC-4D83-B676-A5A6280EECED}
	EndGlobalSection
EndGlobal
